
Microsoft Visual Studio Solution File, Format Version 12.00
# Visual Studio Version 17
VisualStudioVersion = 17.4.33122.133
MinimumVisualStudioVersion = 10.0.40219.1
Project("{FAE04EC0-301F-11D3-BF4B-00C04F79EFBC}") = "Metotlar", "Metotlar\Metotlar.csproj", "{569B227E-87E6-4928-910A-E8437D63A976}"
EndProject
Project("{FAE04EC0-301F-11D3-BF4B-00C04F79EFBC}") = "Matematik", "Matematik\Matematik.csproj", "{46EA5728-C6AE-49C1-A45E-4FC9DEAE2726}"
EndProject
Project("{FAE04EC0-301F-11D3-BF4B-00C04F79EFBC}") = "DegerVeReferansTipler", "DegerVeReferansTipler\DegerVeReferansTipler.csproj", "{1482F19E-4D3B-4E93-BB4B-552D8448B7BD}"
EndProject
Global
	GlobalSection(SolutionConfigurationPlatforms) = preSolution
		Debug|Any CPU = Debug|Any CPU
		Release|Any CPU = Release|Any CPU
	EndGlobalSection
	GlobalSection(ProjectConfigurationPlatforms) = postSolution
		{569B227E-87E6-4928-910A-E8437D63A976}.Debug|Any CPU.ActiveCfg = Debug|Any CPU
		{569B227E-87E6-4928-910A-E8437D63A976}.Debug|Any CPU.Build.0 = Debug|Any CPU
		{569B227E-87E6-4928-910A-E8437D63A976}.Release|Any CPU.ActiveCfg = Release|Any CPU
		{569B227E-87E6-4928-910A-E8437D63A976}.Release|Any CPU.Build.0 = Release|Any CPU
		{46EA5728-C6AE-49C1-A45E-4FC9DEAE2726}.Debug|Any CPU.ActiveCfg = Debug|Any CPU
		{46EA5728-C6AE-49C1-A45E-4FC9DEAE2726}.Debug|Any CPU.Build.0 = Debug|Any CPU
		{46EA5728-C6AE-49C1-A45E-4FC9DEAE2726}.Release|Any CPU.ActiveCfg = Release|Any CPU
		{46EA5728-C6AE-49C1-A45E-4FC9DEAE2726}.Release|Any CPU.Build.0 = Release|Any CPU
		{1482F19E-4D3B-4E93-BB4B-552D8448B7BD}.Debug|Any CPU.ActiveCfg = Debug|Any CPU
		{1482F19E-4D3B-4E93-BB4B-552D8448B7BD}.Debug|Any CPU.Build.0 = Debug|Any CPU
		{1482F19E-4D3B-4E93-BB4B-552D8448B7BD}.Release|Any CPU.ActiveCfg = Release|Any CPU
		{1482F19E-4D3B-4E93-BB4B-552D8448B7BD}.Release|Any CPU.Build.0 = Release|Any CPU
	EndGlobalSection
	GlobalSection(SolutionProperties) = preSolution
		HideSolutionNode = FALSE
	EndGlobalSection
	GlobalSection(ExtensibilityGlobals) = postSolution
		SolutionGuid = {87367DC3-B970-41E9-8013-7A5591211CF1}
	EndGlobalSection
EndGlobal
